{
  "name": "vos3kov",
  "version": "1.0.0",
  "lockfileVersion": 1,
  "requires": true,
  "dependencies": {
    "@types/webmidi": {
      "version": "2.0.4",
      "resolved": "https://registry.npmjs.org/@types/webmidi/-/webmidi-2.0.4.tgz",
      "integrity": "sha512-ouA837zUpSzURsUGvcnay6JwUz2B/UoJP3Lkacnz60y+rul8/auVOFS9LSO6v0gdNbGvRkbHEpayD8PbO7IKhw=="
    },
    "colors": {
      "version": "1.4.0",
      "resolved": "https://registry.npmjs.org/colors/-/colors-1.4.0.tgz",
      "integrity": "sha512-a+UqTh4kgZg/SlGvfbzDHpgRu7AAQOmmqRHJnxhRZICKFUT91brVhNNt58CMWU9PsBbv3PDCZUHbVxuDiH2mtA=="
    },
    "jazz-midi": {
      "version": "1.7.3",
      "resolved": "https://registry.npmjs.org/jazz-midi/-/jazz-midi-1.7.3.tgz",
      "integrity": "sha512-3+V4ZxmYainXoHDaevDBexHQumD3ONlbUgo6zmUXb6VKlJ05XxM+7Xhv7HPbWSOuVTV+gpTV9CI25PwUZJRy/w=="
    },
    "jzz": {
      "version": "1.0.8",
      "resolved": "https://registry.npmjs.org/jzz/-/jzz-1.0.8.tgz",
      "integrity": "sha512-CN31G0M4g5vxnLI+rpKsjRP+SQbTFRZL6V5Rhyjo6186x47rfkLiTwTWuk2ixqma/mXMGNobpgcOZRtzwIIY9Q==",
      "requires": {
        "@types/webmidi": "^2.0.4",
        "jazz-midi": "^1.7.3"
      }
    }
  }
}
