{
  "name": "vitaliykuroedov",
  "version": "1.0.0",
  "lockfileVersion": 1,
  "requires": true,
  "dependencies": {
    "colors": {
      "version": "1.4.0",
      "resolved": "https://registry.npmjs.org/colors/-/colors-1.4.0.tgz",
      "integrity": "sha512-a+UqTh4kgZg/SlGvfbzDHpgRu7AAQOmmqRHJnxhRZICKFUT91brVhNNt58CMWU9PsBbv3PDCZUHbVxuDiH2mtA=="
    },
    "debug": {
      "version": "0.7.4",
      "resolved": "https://registry.npmjs.org/debug/-/debug-0.7.4.tgz",
      "integrity": "sha1-BuHqgILCyxTjmAbiLi9vdX+Srzk="
    },
    "node-sound-effects": {
      "version": "1.1.1",
      "resolved": "https://registry.npmjs.org/node-sound-effects/-/node-sound-effects-1.1.1.tgz",
      "integrity": "sha512-fYBVF3q2rUY7TzfBaQFqqjv/QK5BLXng5F1olybKgtrz9NdLPJQ/cP9Z2HZLORM/nYjhmwnBlL6m5BQuygeQKg==",
      "requires": {
        "node-wav-player": "^0.1.0",
        "notes-to-frequencies": "^1.0.0",
        "tonegenerator": "^0.3.2",
        "waveheader": "0.0.2"
      }
    },
    "node-wav-player": {
      "version": "0.1.0",
      "resolved": "https://registry.npmjs.org/node-wav-player/-/node-wav-player-0.1.0.tgz",
      "integrity": "sha512-UlNtP7jgsjEXrimom0XG8pwACQoy0XJgzYkwEG7aBerSJpdL4LYNS445QInmK5jJnyPnsufAUh2Yhefrp4PvEA=="
    },
    "notes-to-frequencies": {
      "version": "1.0.0",
      "resolved": "https://registry.npmjs.org/notes-to-frequencies/-/notes-to-frequencies-1.0.0.tgz",
      "integrity": "sha1-N6cwB5G8m+2BAUe2iC245Uoip4c="
    },
    "tonegenerator": {
      "version": "0.3.2",
      "resolved": "https://registry.npmjs.org/tonegenerator/-/tonegenerator-0.3.2.tgz",
      "integrity": "sha512-TWAMl0cf33WwkEF+jcIIKugwG+UMfWvi1cdjOUU81FWEM6znHbZ8U+ELzvm2goOJPDwcq+qfwbuJGle0F1ZjqA=="
    },
    "waveheader": {
      "version": "0.0.2",
      "resolved": "https://registry.npmjs.org/waveheader/-/waveheader-0.0.2.tgz",
      "integrity": "sha1-Xbj1M8GfaK/QOBMwbQbnveK4vEM=",
      "requires": {
        "debug": "~0.7.2"
      }
    }
  }
}
